Microsoft Visual Studio Solution File, Format Version 12.00
# Visual Studio Version 17
VisualStudioVersion = 17.5.2.0
MinimumVisualStudioVersion = 10.0.40219.1
Project("{FAE04EC0-301F-11D3-BF4B-00C04F79EFBC}") = "BatchRunner", "BatchRunner.csproj", "{4E2AAB4B-87FA-4171-1492-49ED72CF5107}"
EndProject
Global
	GlobalSection(SolutionConfigurationPlatforms) = preSolution
		Debug|Any CPU = Debug|Any CPU
		Release|Any CPU = Release|Any CPU
	EndGlobalSection
	GlobalSection(ProjectConfigurationPlatforms) = postSolution
		{4E2AAB4B-87FA-4171-1492-49ED72CF5107}.Debug|Any CPU.ActiveCfg = Debug|Any CPU
		{4E2AAB4B-87FA-4171-1492-49ED72CF5107}.Debug|Any CPU.Build.0 = Debug|Any CPU
		{4E2AAB4B-87FA-4171-1492-49ED72CF5107}.Release|Any CPU.ActiveCfg = Release|Any CPU
		{4E2AAB4B-87FA-4171-1492-49ED72CF5107}.Release|Any CPU.Build.0 = Release|Any CPU
	EndGlobalSection
	GlobalSection(SolutionProperties) = preSolution
		HideSolutionNode = FALSE
	EndGlobalSection
	GlobalSection(ExtensibilityGlobals) = postSolution
		SolutionGuid = {54385538-3C65-4002-BF95-6E1C531C9A8A}
	EndGlobalSection
EndGlobal
